// !$*UTF8*$!
{
	archiveVersion = 1;
	classes = {
	};
	objectVersion = 46;
	objects = {

/* Begin PBXBuildFile section */
		1D5803AA62DEE7606025777A /* libPods.a in Frameworks */ = {isa = PBXBuildFile; fileRef = 622957559F0A5EA313B4902C /* libPods.a */; };
		2543D1291D6D43B4006596D9 /* CollectionTestViewController.m in Sources */ = {isa = PBXBuildFile; fileRef = 2543D1281D6D43B4006596D9 /* CollectionTestViewController.m */; };
		2543D12C1D6D538C006596D9 /* HeadCollectionReusableView.m in Sources */ = {isa = PBXBuildFile; fileRef = 2543D12B1D6D538C006596D9 /* HeadCollectionReusableView.m */; };
		2588A9881D6C543300F2BDC2 /* main.m in Sources */ = {isa = PBXBuildFile; fileRef = 2588A9871D6C543300F2BDC2 /* main.m */; };
		2588A98B1D6C543300F2BDC2 /* AppDelegate.m in Sources */ = {isa = PBXBuildFile; fileRef = 2588A98A1D6C543300F2BDC2 /* AppDelegate.m */; };
		2588A98E1D6C543300F2BDC2 /* ViewController.m in Sources */ = {isa = PBXBuildFile; fileRef = 2588A98D1D6C543300F2BDC2 /* ViewController.m */; };
		2588A9911D6C543300F2BDC2 /* Main.storyboard in Resources */ = {isa = PBXBuildFile; fileRef = 2588A98F1D6C543300F2BDC2 /* Main.storyboard */; };
		2588A9931D6C543300F2BDC2 /* Assets.xcassets in Resources */ = {isa = PBXBuildFile; fileRef = 2588A9921D6C543300F2BDC2 /* Assets.xcassets */; };
		2588A9961D6C543300F2BDC2 /* LaunchScreen.storyboard in Resources */ = {isa = PBXBuildFile; fileRef = 2588A9941D6C543300F2BDC2 /* LaunchScreen.storyboard */; };
		2588A9A21D6C732800F2BDC2 /* ScrollItemView.m in Sources */ = {isa = PBXBuildFile; fileRef = 2588A9A11D6C732800F2BDC2 /* ScrollItemView.m */; };
		2588A9A41D6C73A500F2BDC2 /* ScrollItemView.xib in Resources */ = {isa = PBXBuildFile; fileRef = 2588A9A31D6C73A500F2BDC2 /* ScrollItemView.xib */; };
		25D339CD1D6EE5FF00E326E1 /* ScrollJumpView.m in Sources */ = {isa = PBXBuildFile; fileRef = 25D339CC1D6EE5FF00E326E1 /* ScrollJumpView.m */; };
/* End PBXBuildFile section */

/* Begin PBXFileReference section */
		2543D1271D6D43B4006596D9 /* CollectionTestViewController.h */ = {isa = PBXFileReference; fileEncoding = 4; lastKnownFileType = sourcecode.c.h; path = CollectionTestViewController.h; sourceTree = "<group>"; };
		2543D1281D6D43B4006596D9 /* CollectionTestViewController.m */ = {isa = PBXFileReference; fileEncoding = 4; lastKnownFileType = sourcecode.c.objc; path = CollectionTestViewController.m; sourceTree = "<group>"; };
		2543D12A1D6D538C006596D9 /* HeadCollectionReusableView.h */ = {isa = PBXFileReference; fileEncoding = 4; lastKnownFileType = sourcecode.c.h; path = HeadCollectionReusableView.h; sourceTree = "<group>"; };
		2543D12B1D6D538C006596D9 /* HeadCollectionReusableView.m */ = {isa = PBXFileReference; fileEncoding = 4; lastKnownFileType = sourcecode.c.objc; path = HeadCollectionReusableView.m; sourceTree = "<group>"; };
		2588A9831D6C543300F2BDC2 /* ScrollItemJumpAnimation.app */ = {isa = PBXFileReference; explicitFileType = wrapper.application; includeInIndex = 0; path = ScrollItemJumpAnimation.app; sourceTree = BUILT_PRODUCTS_DIR; };
		2588A9871D6C543300F2BDC2 /* main.m */ = {isa = PBXFileReference; lastKnownFileType = sourcecode.c.objc; path = main.m; sourceTree = "<group>"; };
		2588A9891D6C543300F2BDC2 /* AppDelegate.h */ = {isa = PBXFileReference; lastKnownFileType = sourcecode.c.h; path = AppDelegate.h; sourceTree = "<group>"; };
		2588A98A1D6C543300F2BDC2 /* AppDelegate.m */ = {isa = PBXFileReference; lastKnownFileType = sourcecode.c.objc; path = AppDelegate.m; sourceTree = "<group>"; };
		2588A98C1D6C543300F2BDC2 /* ViewController.h */ = {isa = PBXFileReference; lastKnownFileType = sourcecode.c.h; path = ViewController.h; sourceTree = "<group>"; };
		2588A98D1D6C543300F2BDC2 /* ViewController.m */ = {isa = PBXFileReference; lastKnownFileType = sourcecode.c.objc; path = ViewController.m; sourceTree = "<group>"; };
		2588A9901D6C543300F2BDC2 /* Base */ = {isa = PBXFileReference; lastKnownFileType = file.storyboard; name = Base; path = Base.lproj/Main.storyboard; sourceTree = "<group>"; };
		2588A9921D6C543300F2BDC2 /* Assets.xcassets */ = {isa = PBXFileReference; lastKnownFileType = folder.assetcatalog; path = Assets.xcassets; sourceTree = "<group>"; };
		2588A9951D6C543300F2BDC2 /* Base */ = {isa = PBXFileReference; lastKnownFileType = file.storyboard; name = Base; path = Base.lproj/LaunchScreen.storyboard; sourceTree = "<group>"; };
		2588A9971D6C543300F2BDC2 /* Info.plist */ = {isa = PBXFileReference; lastKnownFileType = text.plist.xml; path = Info.plist; sourceTree = "<group>"; };
		2588A9A01D6C732800F2BDC2 /* ScrollItemView.h */ = {isa = PBXFileReference; fileEncoding = 4; lastKnownFileType = sourcecode.c.h; path = ScrollItemView.h; sourceTree = "<group>"; };
		2588A9A11D6C732800F2BDC2 /* ScrollItemView.m */ = {isa = PBXFileReference; fileEncoding = 4; lastKnownFileType = sourcecode.c.objc; path = ScrollItemView.m; sourceTree = "<group>"; };
		2588A9A31D6C73A500F2BDC2 /* ScrollItemView.xib */ = {isa = PBXFileReference; fileEncoding = 4; lastKnownFileType = file.xib; path = ScrollItemView.xib; sourceTree = "<group>"; };
		25D339CB1D6EE5FF00E326E1 /* ScrollJumpView.h */ = {isa = PBXFileReference; fileEncoding = 4; lastKnownFileType = sourcecode.c.h; path = ScrollJumpView.h; sourceTree = "<group>"; };
		25D339CC1D6EE5FF00E326E1 /* ScrollJumpView.m */ = {isa = PBXFileReference; fileEncoding = 4; lastKnownFileType = sourcecode.c.objc; path = ScrollJumpView.m; sourceTree = "<group>"; };
		622957559F0A5EA313B4902C /* libPods.a */ = {isa = PBXFileReference; explicitFileType = archive.ar; includeInIndex = 0; path = libPods.a; sourceTree = BUILT_PRODUCTS_DIR; };
		87DEA67138887412B0F7849C /* Pods.release.xcconfig */ = {isa = PBXFileReference; includeInIndex = 1; lastKnownFileType = text.xcconfig; name = Pods.release.xcconfig; path = "Pods/Target Support Files/Pods/Pods.release.xcconfig"; sourceTree = "<group>"; };
		F58BCCE6156AB90533FDEE18 /* Pods.debug.xcconfig */ = {isa = PBXFileReference; includeInIndex = 1; lastKnownFileType = text.xcconfig; name = Pods.debug.xcconfig; path = "Pods/Target Support Files/Pods/Pods.debug.xcconfig"; sourceTree = "<group>"; };
/* End PBXFileReference section */

/* Begin PBXFrameworksBuildPhase section */
		2588A9801D6C543300F2BDC2 /* Frameworks */ = {
			isa = PBXFrameworksBuildPhase;
			buildActionMask = 2147483647;
			files = (
				1D5803AA62DEE7606025777A /* libPods.a in Frameworks */,
			);
			runOnlyForDeploymentPostprocessing = 0;
		};
/* End PBXFrameworksBuildPhase section */

/* Begin PBXGroup section */
		2543D1261D6D439D006596D9 /* CollectionTest */ = {
			isa = PBXGroup;
			children = (
				2543D1271D6D43B4006596D9 /* CollectionTestViewController.h */,
				2543D1281D6D43B4006596D9 /* CollectionTestViewController.m */,
				2543D12A1D6D538C006596D9 /* HeadCollectionReusableView.h */,
				2543D12B1D6D538C006596D9 /* HeadCollectionReusableView.m */,
			);
			name = CollectionTest;
			sourceTree = "<group>";
		};
		2588A97A1D6C543300F2BDC2 = {
			isa = PBXGroup;
			children = (
				2588A9851D6C543300F2BDC2 /* ScrollItemJumpAnimation */,
				2588A9841D6C543300F2BDC2 /* Products */,
				AE0DA286025B2868F2E38364 /* Pods */,
				7082BD8EE667ED19460F1099 /* Frameworks */,
			);
			sourceTree = "<group>";
		};
		2588A9841D6C543300F2BDC2 /* Products */ = {
			isa = PBXGroup;
			children = (
				2588A9831D6C543300F2BDC2 /* ScrollItemJumpAnimation.app */,
			);
			name = Products;
			sourceTree = "<group>";
		};
		2588A9851D6C543300F2BDC2 /* ScrollItemJumpAnimation */ = {
			isa = PBXGroup;
			children = (
				25D339CA1D6EE59500E326E1 /* ScrollJump */,
				2543D1261D6D439D006596D9 /* CollectionTest */,
				2588A9891D6C543300F2BDC2 /* AppDelegate.h */,
				2588A98A1D6C543300F2BDC2 /* AppDelegate.m */,
				2588A98C1D6C543300F2BDC2 /* ViewController.h */,
				2588A98D1D6C543300F2BDC2 /* ViewController.m */,
				2588A98F1D6C543300F2BDC2 /* Main.storyboard */,
				2588A9921D6C543300F2BDC2 /* Assets.xcassets */,
				2588A9941D6C543300F2BDC2 /* LaunchScreen.storyboard */,
				2588A9971D6C543300F2BDC2 /* Info.plist */,
				2588A9861D6C543300F2BDC2 /* Supporting Files */,
			);
			path = ScrollItemJumpAnimation;
			sourceTree = "<group>";
		};
		2588A9861D6C543300F2BDC2 /* Supporting Files */ = {
			isa = PBXGroup;
			children = (
				2588A9871D6C543300F2BDC2 /* main.m */,
				2588A9A01D6C732800F2BDC2 /* ScrollItemView.h */,
				2588A9A11D6C732800F2BDC2 /* ScrollItemView.m */,
				2588A9A31D6C73A500F2BDC2 /* ScrollItemView.xib */,
			);
			name = "Supporting Files";
			sourceTree = "<group>";
		};
		25D339CA1D6EE59500E326E1 /* ScrollJump */ = {
			isa = PBXGroup;
			children = (
				25D339CB1D6EE5FF00E326E1 /* ScrollJumpView.h */,
				25D339CC1D6EE5FF00E326E1 /* ScrollJumpView.m */,
			);
			name = ScrollJump;
			sourceTree = "<group>";
		};
		7082BD8EE667ED19460F1099 /* Frameworks */ = {
			isa = PBXGroup;
			children = (
				622957559F0A5EA313B4902C /* libPods.a */,
			);
			name = Frameworks;
			sourceTree = "<group>";
		};
		AE0DA286025B2868F2E38364 /* Pods */ = {
			isa = PBXGroup;
			children = (
				F58BCCE6156AB90533FDEE18 /* Pods.debug.xcconfig */,
				87DEA67138887412B0F7849C /* Pods.release.xcconfig */,
			);
			name = Pods;
			sourceTree = "<group>";
		};
/* End PBXGroup section */

/* Begin PBXNativeTarget section */
		2588A9821D6C543300F2BDC2 /* ScrollItemJumpAnimation */ = {
			isa = PBXNativeTarget;
			buildConfigurationList = 2588A99A1D6C543300F2BDC2 /* Build configuration list for PBXNativeTarget "ScrollItemJumpAnimation" */;
			buildPhases = (
				3EFA1374CC2F2A98CBB6D3A7 /* Check Pods Manifest.lock */,
				2588A97F1D6C543300F2BDC2 /* Sources */,
				2588A9801D6C543300F2BDC2 /* Frameworks */,
				2588A9811D6C543300F2BDC2 /* Resources */,
				E1C784394E125C9B095A009A /* Embed Pods Frameworks */,
				86BEA07F4B6C90276BD023EF /* Copy Pods Resources */,
			);
			buildRules = (
			);
			dependencies = (
			);
			name = ScrollItemJumpAnimation;
			productName = ScrollItemJumpAnimation;
			productReference = 2588A9831D6C543300F2BDC2 /* ScrollItemJumpAnimation.app */;
			productType = "com.apple.product-type.application";
		};
/* End PBXNativeTarget section */

/* Begin PBXProject section */
		2588A97B1D6C543300F2BDC2 /* Project object */ = {
			isa = PBXProject;
			attributes = {
				LastUpgradeCheck = 0730;
				ORGANIZATIONNAME = "snqu-ios";
				TargetAttributes = {
					2588A9821D6C543300F2BDC2 = {
						CreatedOnToolsVersion = 7.3.1;
					};
				};
			};
			buildConfigurationList = 2588A97E1D6C543300F2BDC2 /* Build configuration list for PBXProject "ScrollItemJumpAnimation" */;
			compatibilityVersion = "Xcode 3.2";
			developmentRegion = English;
			hasScannedForEncodings = 0;
			knownRegions = (
				en,
				Base,
			);
			mainGroup = 2588A97A1D6C543300F2BDC2;
			productRefGroup = 2588A9841D6C543300F2BDC2 /* Products */;
			projectDirPath = "";
			projectRoot = "";
			targets = (
				2588A9821D6C543300F2BDC2 /* ScrollItemJumpAnimation */,
			);
		};
/* End PBXProject section */

/* Begin PBXResourcesBuildPhase section */
		2588A9811D6C543300F2BDC2 /* Resources */ = {
			isa = PBXResourcesBuildPhase;
			buildActionMask = 2147483647;
			files = (
				2588A9A41D6C73A500F2BDC2 /* ScrollItemView.xib in Resources */,
				2588A9961D6C543300F2BDC2 /* LaunchScreen.storyboard in Resources */,
				2588A9931D6C543300F2BDC2 /* Assets.xcassets in Resources */,
				2588A9911D6C543300F2BDC2 /* Main.storyboard in Resources */,
			);
			runOnlyForDeploymentPostprocessing = 0;
		};
/* End PBXResourcesBuildPhase section */

/* Begin PBXShellScriptBuildPhase section */
		3EFA1374CC2F2A98CBB6D3A7 /* Check Pods Manifest.lock */ = {
			isa = PBXShellScriptBuildPhase;
			buildActionMask = 2147483647;
			files = (
			);
			inputPaths = (
			);
			name = "Check Pods Manifest.lock";
			outputPaths = (
			);
			runOnlyForDeploymentPostprocessing = 0;
			shellPath = /bin/sh;
			shellScript = "diff \"${PODS_ROOT}/../Podfile.lock\" \"${PODS_ROOT}/Manifest.lock\" > /dev/null\nif [[ $? != 0 ]] ; then\n    cat << EOM\nerror: The sandbox is not in sync with the Podfile.lock. Run 'pod install' or update your CocoaPods installation.\nEOM\n    exit 1\nfi\n";
			showEnvVarsInLog = 0;
		};
		86BEA07F4B6C90276BD023EF /* Copy Pods Resources */ = {
			isa = PBXShellScriptBuildPhase;
			buildActionMask = 2147483647;
			files = (
			);
			inputPaths = (
			);
			name = "Copy Pods Resources";
			outputPaths = (
			);
			runOnlyForDeploymentPostprocessing = 0;
			shellPath = /bin/sh;
			shellScript = "\"${SRCROOT}/Pods/Target Support Files/Pods/Pods-resources.sh\"\n";
			showEnvVarsInLog = 0;
		};
		E1C784394E125C9B095A009A /* Embed Pods Frameworks */ = {
			isa = PBXShellScriptBuildPhase;
			buildActionMask = 2147483647;
			files = (
			);
			inputPaths = (
			);
			name = "Embed Pods Frameworks";
			outputPaths = (
			);
			runOnlyForDeploymentPostprocessing = 0;
			shellPath = /bin/sh;
			shellScript = "\"${SRCROOT}/Pods/Target Support Files/Pods/Pods-frameworks.sh\"\n";
			showEnvVarsInLog = 0;
		};
/* End PBXShellScriptBuildPhase section */

/* Begin PBXSourcesBuildPhase section */
		2588A97F1D6C543300F2BDC2 /* Sources */ = {
			isa = PBXSourcesBuildPhase;
			buildActionMask = 2147483647;
			files = (
				25D339CD1D6EE5FF00E326E1 /* ScrollJumpView.m in Sources */,
				2588A98E1D6C543300F2BDC2 /* ViewController.m in Sources */,
				2543D12C1D6D538C006596D9 /* HeadCollectionReusableView.m in Sources */,
				2543D1291D6D43B4006596D9 /* CollectionTestViewController.m in Sources */,
				2588A98B1D6C543300F2BDC2 /* AppDelegate.m in Sources */,
				2588A9A21D6C732800F2BDC2 /* ScrollItemView.m in Sources */,
				2588A9881D6C543300F2BDC2 /* main.m in Sources */,
			);
			runOnlyForDeploymentPostprocessing = 0;
		};
/* End PBXSourcesBuildPhase section */

/* Begin PBXVariantGroup section */
		2588A98F1D6C543300F2BDC2 /* Main.storyboard */ = {
			isa = PBXVariantGroup;
			children = (
				2588A9901D6C543300F2BDC2 /* Base */,
			);
			name = Main.storyboard;
			sourceTree = "<group>";
		};
		2588A9941D6C543300F2BDC2 /* LaunchScreen.storyboard */ = {
			isa = PBXVariantGroup;
			children = (
				2588A9951D6C543300F2BDC2 /* Base */,
			);
			name = LaunchScreen.storyboard;
			sourceTree = "<group>";
		};
/* End PBXVariantGroup section */

/* Begin XCBuildConfiguration section */
		2588A9981D6C543300F2BDC2 /* Debug */ = {
			isa = XCBuildConfiguration;
			buildSettings = {
				ALWAYS_SEARCH_USER_PATHS = NO;
				CLANG_ANALYZER_NONNULL = YES;
				CLANG_CXX_LANGUAGE_STANDARD = "gnu++0x";
				CLANG_CXX_LIBRARY = "libc++";
				CLANG_ENABLE_MODULES = YES;
				CLANG_ENABLE_OBJC_ARC = YES;
				CLANG_WARN_BOOL_CONVERSION = YES;
				CLANG_WARN_CONSTANT_CONVERSION = YES;
				CLANG_WARN_DIRECT_OBJC_ISA_USAGE = YES_ERROR;
				CLANG_WARN_EMPTY_BODY = YES;
				CLANG_WARN_ENUM_CONVERSION = YES;
				CLANG_WARN_INT_CONVERSION = YES;
				CLANG_WARN_OBJC_ROOT_CLASS = YES_ERROR;
				CLANG_WARN_UNREACHABLE_CODE = YES;
				CLANG_WARN__DUPLICATE_METHOD_MATCH = YES;
				"CODE_SIGN_IDENTITY[sdk=iphoneos*]" = "iPhone Developer";
				COPY_PHASE_STRIP = NO;
				DEBUG_INFORMATION_FORMAT = dwarf;
				ENABLE_STRICT_OBJC_MSGSEND = YES;
				ENABLE_TESTABILITY = YES;
				GCC_C_LANGUAGE_STANDARD = gnu99;
				GCC_DYNAMIC_NO_PIC = NO;
				GCC_NO_COMMON_BLOCKS = YES;
				GCC_OPTIMIZATION_LEVEL = 0;
				GCC_PREPROCESSOR_DEFINITIONS = (
					"DEBUG=1",
					"$(inherited)",
				);
				GCC_WARN_64_TO_32_BIT_CONVERSION = YES;
				GCC_WARN_ABOUT_RETURN_TYPE = YES_ERROR;
				GCC_WARN_UNDECLARED_SELECTOR = YES;
				GCC_WARN_UNINITIALIZED_AUTOS = YES_AGGRESSIVE;
				GCC_WARN_UNUSED_FUNCTION = YES;
				GCC_WARN_UNUSED_VARIABLE = YES;
				IPHONEOS_DEPLOYMENT_TARGET = 9.3;
				MTL_ENABLE_DEBUG_INFO = YES;
				ONLY_ACTIVE_ARCH = YES;
				SDKROOT = iphoneos;
				TARGETED_DEVICE_FAMILY = "1,2";
			};
			name = Debug;
		};
		2588A9991D6C543300F2BDC2 /* Release */ = {
			isa = XCBuildConfiguration;
			buildSettings = {
				ALWAYS_SEARCH_USER_PATHS = NO;
				CLANG_ANALYZER_NONNULL = YES;
				CLANG_CXX_LANGUAGE_STANDARD = "gnu++0x";
				CLANG_CXX_LIBRARY = "libc++";
				CLANG_ENABLE_MODULES = YES;
				CLANG_ENABLE_OBJC_ARC = YES;
				CLANG_WARN_BOOL_CONVERSION = YES;
				CLANG_WARN_CONSTANT_CONVERSION = YES;
				CLANG_WARN_DIRECT_OBJC_ISA_USAGE = YES_ERROR;
				CLANG_WARN_EMPTY_BODY = YES;
				CLANG_WARN_ENUM_CONVERSION = YES;
				CLANG_WARN_INT_CONVERSION = YES;
				CLANG_WARN_OBJC_ROOT_CLASS = YES_ERROR;
				CLANG_WARN_UNREACHABLE_CODE = YES;
				CLANG_WARN__DUPLICATE_METHOD_MATCH = YES;
				"CODE_SIGN_IDENTITY[sdk=iphoneos*]" = "iPhone Developer";
				COPY_PHASE_STRIP = NO;
				DEBUG_INFORMATION_FORMAT = "dwarf-with-dsym";
				ENABLE_NS_ASSERTIONS = NO;
				ENABLE_STRICT_OBJC_MSGSEND = YES;
				GCC_C_LANGUAGE_STANDARD = gnu99;
				GCC_NO_COMMON_BLOCKS = YES;
				GCC_WARN_64_TO_32_BIT_CONVERSION = YES;
				GCC_WARN_ABOUT_RETURN_TYPE = YES_ERROR;
				GCC_WARN_UNDECLARED_SELECTOR = YES;
				GCC_WARN_UNINITIALIZED_AUTOS = YES_AGGRESSIVE;
				GCC_WARN_UNUSED_FUNCTION = YES;
				GCC_WARN_UNUSED_VARIABLE = YES;
				IPHONEOS_DEPLOYMENT_TARGET = 9.3;
				MTL_ENABLE_DEBUG_INFO = NO;
				SDKROOT = iphoneos;
				TARGETED_DEVICE_FAMILY = "1,2";
				VALIDATE_PRODUCT = YES;
			};
			name = Release;
		};
		2588A99B1D6C543300F2BDC2 /* Debug */ = {
			isa = XCBuildConfiguration;
			baseConfigurationReference = F58BCCE6156AB90533FDEE18 /* Pods.debug.xcconfig */;
			buildSettings = {
				ASSETCATALOG_COMPILER_APPICON_NAME = AppIcon;
				CODE_SIGN_IDENTITY = "iPhone Distribution: MONSTAR LAB,INC.";
				INFOPLIST_FILE = ScrollItemJumpAnimation/Info.plist;
				IPHONEOS_DEPLOYMENT_TARGET = 7.1;
				LD_RUNPATH_SEARCH_PATHS = "$(inherited) @executable_path/Frameworks";
				PRODUCT_BUNDLE_IDENTIFIER = com.snqu.ScrollItemJumpAnimation;
				PRODUCT_NAME = "$(TARGET_NAME)";
				PROVISIONING_PROFILE = "49e43ae1-2176-41c1-8bec-bb047e7f2583";
			};
			name = Debug;
		};
		2588A99C1D6C543300F2BDC2 /* Release */ = {
			isa = XCBuildConfiguration;
			baseConfigurationReference = 87DEA67138887412B0F7849C /* Pods.release.xcconfig */;
			buildSettings = {
				ASSETCATALOG_COMPILER_APPICON_NAME = AppIcon;
				CODE_SIGN_IDENTITY = "iPhone Distribution: MONSTAR LAB,INC.";
				INFOPLIST_FILE = ScrollItemJumpAnimation/Info.plist;
				IPHONEOS_DEPLOYMENT_TARGET = 7.1;
				LD_RUNPATH_SEARCH_PATHS = "$(inherited) @executable_path/Frameworks";
				PRODUCT_BUNDLE_IDENTIFIER = com.snqu.ScrollItemJumpAnimation;
				PRODUCT_NAME = "$(TARGET_NAME)";
				PROVISIONING_PROFILE = "49e43ae1-2176-41c1-8bec-bb047e7f2583";
			};
			name = Release;
		};
/* End XCBuildConfiguration section */

/* Begin XCConfigurationList section */
		2588A97E1D6C543300F2BDC2 /* Build configuration list for PBXProject "ScrollItemJumpAnimation" */ = {
			isa = XCConfigurationList;
			buildConfigurations = (
				2588A9981D6C543300F2BDC2 /* Debug */,
				2588A9991D6C543300F2BDC2 /* Release */,
			);
			defaultConfigurationIsVisible = 0;
			defaultConfigurationName = Release;
		};
		2588A99A1D6C543300F2BDC2 /* Build configuration list for PBXNativeTarget "ScrollItemJumpAnimation" */ = {
			isa = XCConfigurationList;
			buildConfigurations = (
				2588A99B1D6C543300F2BDC2 /* Debug */,
				2588A99C1D6C543300F2BDC2 /* Release */,
			);
			defaultConfigurationIsVisible = 0;
			defaultConfigurationName = Release;
		};
/* End XCConfigurationList section */
	};
	rootObject = 2588A97B1D6C543300F2BDC2 /* Project object */;
}
